
Microsoft Visual Studio Solution File, Format Version 12.00
# Visual Studio Version 17
VisualStudioVersion = 17.0.31710.8
MinimumVisualStudioVersion = 10.0.40219.1
Project("{9A19103F-16F7-4668-BE54-9A1E7A4F7556}") = "Helya", "Helya\Helya.csproj", "{07E5A517-188B-4F8B-9E7A-9F3BD75EFDBC}"
EndProject
Project("{9A19103F-16F7-4668-BE54-9A1E7A4F7556}") = "Helya.Tests", "Helya.Tests\Helya.Tests.csproj", "{66BC1789-196B-49AC-98C8-DAF166AD688F}"
EndProject
Global
	GlobalSection(SolutionConfigurationPlatforms) = preSolution
		Debug|Any CPU = Debug|Any CPU
		Release|Any CPU = Release|Any CPU
	EndGlobalSection
	GlobalSection(ProjectConfigurationPlatforms) = postSolution
		{07E5A517-188B-4F8B-9E7A-9F3BD75EFDBC}.Debug|Any CPU.ActiveCfg = Debug|Any CPU
		{07E5A517-188B-4F8B-9E7A-9F3BD75EFDBC}.Debug|Any CPU.Build.0 = Debug|Any CPU
		{07E5A517-188B-4F8B-9E7A-9F3BD75EFDBC}.Release|Any CPU.ActiveCfg = Release|Any CPU
		{07E5A517-188B-4F8B-9E7A-9F3BD75EFDBC}.Release|Any CPU.Build.0 = Release|Any CPU
		{66BC1789-196B-49AC-98C8-DAF166AD688F}.Debug|Any CPU.ActiveCfg = Debug|Any CPU
		{66BC1789-196B-49AC-98C8-DAF166AD688F}.Debug|Any CPU.Build.0 = Debug|Any CPU
		{66BC1789-196B-49AC-98C8-DAF166AD688F}.Release|Any CPU.ActiveCfg = Release|Any CPU
		{66BC1789-196B-49AC-98C8-DAF166AD688F}.Release|Any CPU.Build.0 = Release|Any CPU
	EndGlobalSection
	GlobalSection(SolutionProperties) = preSolution
		HideSolutionNode = FALSE
	EndGlobalSection
	GlobalSection(ExtensibilityGlobals) = postSolution
		SolutionGuid = {A9635421-4E5D-49C7-A401-BF225BA19F5E}
	EndGlobalSection
EndGlobal
